
Microsoft Visual Studio Solution File, Format Version 12.00
# Visual Studio 15
VisualStudioVersion = 15.0.27130.2027
MinimumVisualStudioVersion = 10.0.40219.1
Project("{FAE04EC0-301F-11D3-BF4B-00C04F79EFBC}") = "GeneradorDeCarpetas", "GeneradorDeCarpetas\GeneradorDeCarpetas.csproj", "{2E8ECFDD-F57D-4DC9-8BA0-307AE9CD98FF}"
EndProject
Global
	GlobalSection(SolutionConfigurationPlatforms) = preSolution
		Debug|Any CPU = Debug|Any CPU
		Release|Any CPU = Release|Any CPU
	EndGlobalSection
	GlobalSection(ProjectConfigurationPlatforms) = postSolution
		{2E8ECFDD-F57D-4DC9-8BA0-307AE9CD98FF}.Debug|Any CPU.ActiveCfg = Debug|Any CPU
		{2E8ECFDD-F57D-4DC9-8BA0-307AE9CD98FF}.Debug|Any CPU.Build.0 = Debug|Any CPU
		{2E8ECFDD-F57D-4DC9-8BA0-307AE9CD98FF}.Release|Any CPU.ActiveCfg = Release|Any CPU
		{2E8ECFDD-F57D-4DC9-8BA0-307AE9CD98FF}.Release|Any CPU.Build.0 = Release|Any CPU
	EndGlobalSection
	GlobalSection(SolutionProperties) = preSolution
		HideSolutionNode = FALSE
	EndGlobalSection
	GlobalSection(ExtensibilityGlobals) = postSolution
		SolutionGuid = {4041A5D1-D77D-46C5-808B-95EF5E1F4919}
	EndGlobalSection
EndGlobal
